
Microsoft Visual Studio Solution File, Format Version 12.00
# Visual Studio Version 17
VisualStudioVersion = 17.14.36310.24 d17.14
MinimumVisualStudioVersion = 10.0.40219.1
Project("{FAE04EC0-301F-11D3-BF4B-00C04F79EFBC}") = "CarRentalManagementSystem", "CarRentalManagementSystem\CarRentalManagementSystem.csproj", "{9EC6E6C0-D294-410B-894C-F6C969E15428}"
EndProject
Global
	GlobalSection(SolutionConfigurationPlatforms) = preSolution
		Debug|Any CPU = Debug|Any CPU
		Release|Any CPU = Release|Any CPU
	EndGlobalSection
	GlobalSection(ProjectConfigurationPlatforms) = postSolution
		{9EC6E6C0-D294-410B-894C-F6C969E15428}.Debug|Any CPU.ActiveCfg = Debug|Any CPU
		{9EC6E6C0-D294-410B-894C-F6C969E15428}.Debug|Any CPU.Build.0 = Debug|Any CPU
		{9EC6E6C0-D294-410B-894C-F6C969E15428}.Release|Any CPU.ActiveCfg = Release|Any CPU
		{9EC6E6C0-D294-410B-894C-F6C969E15428}.Release|Any CPU.Build.0 = Release|Any CPU
	EndGlobalSection
	GlobalSection(SolutionProperties) = preSolution
		HideSolutionNode = FALSE
	EndGlobalSection
	GlobalSection(ExtensibilityGlobals) = postSolution
		SolutionGuid = {7A1180CF-135E-4307-BB66-76749CEBEE58}
	EndGlobalSection
EndGlobal
